
Microsoft Visual Studio Solution File, Format Version 12.00
# Visual Studio 15
VisualStudioVersion = 15.0.27130.2003
MinimumVisualStudioVersion = 10.0.40219.1
Project("{FAE04EC0-301F-11D3-BF4B-00C04F79EFBC}") = "ParentChildInfoSystem", "ParentChildInfoSystem\ParentChildInfoSystem.csproj", "{EFEAFAA2-F026-4B49-A458-63B465D5F8F9}"
EndProject
Global
	GlobalSection(SolutionConfigurationPlatforms) = preSolution
		Debug|Any CPU = Debug|Any CPU
		Release|Any CPU = Release|Any CPU
	EndGlobalSection
	GlobalSection(ProjectConfigurationPlatforms) = postSolution
		{EFEAFAA2-F026-4B49-A458-63B465D5F8F9}.Debug|Any CPU.ActiveCfg = Debug|Any CPU
		{EFEAFAA2-F026-4B49-A458-63B465D5F8F9}.Debug|Any CPU.Build.0 = Debug|Any CPU
		{EFEAFAA2-F026-4B49-A458-63B465D5F8F9}.Release|Any CPU.ActiveCfg = Release|Any CPU
		{EFEAFAA2-F026-4B49-A458-63B465D5F8F9}.Release|Any CPU.Build.0 = Release|Any CPU
	EndGlobalSection
	GlobalSection(SolutionProperties) = preSolution
		HideSolutionNode = FALSE
	EndGlobalSection
	GlobalSection(ExtensibilityGlobals) = postSolution
		SolutionGuid = {63F21195-DBD2-4D2E-AE38-7F780AF353AE}
	EndGlobalSection
EndGlobal
